
Microsoft Visual Studio Solution File, Format Version 12.00
# Visual Studio Version 16
VisualStudioVersion = 16.0.30517.126
MinimumVisualStudioVersion = 10.0.40219.1
Project("{FAE04EC0-301F-11D3-BF4B-00C04F79EFBC}") = "EasyProxy", "EasyProxy\EasyProxy.csproj", "{08AF1EFB-5F39-4BF5-AFBF-22C05C13755A}"
EndProject
Global
	GlobalSection(SolutionConfigurationPlatforms) = preSolution
		Debug|Any CPU = Debug|Any CPU
		Release|Any CPU = Release|Any CPU
	EndGlobalSection
	GlobalSection(ProjectConfigurationPlatforms) = postSolution
		{08AF1EFB-5F39-4BF5-AFBF-22C05C13755A}.Debug|Any CPU.ActiveCfg = Debug|Any CPU
		{08AF1EFB-5F39-4BF5-AFBF-22C05C13755A}.Debug|Any CPU.Build.0 = Debug|Any CPU
		{08AF1EFB-5F39-4BF5-AFBF-22C05C13755A}.Release|Any CPU.ActiveCfg = Release|Any CPU
		{08AF1EFB-5F39-4BF5-AFBF-22C05C13755A}.Release|Any CPU.Build.0 = Release|Any CPU
	EndGlobalSection
	GlobalSection(SolutionProperties) = preSolution
		HideSolutionNode = FALSE
	EndGlobalSection
	GlobalSection(ExtensibilityGlobals) = postSolution
		SolutionGuid = {804C36AE-4EFB-4E3A-89AB-B1BC21C14D42}
	EndGlobalSection
EndGlobal
